// !$*UTF8*$!
{
	archiveVersion = 1;
	classes = {};
	objectVersion = 56;
	objects = {
		49DAB5697B6433548A8DCB4B = { isa = PBXFileReference; lastKnownFileType = sourcecode.swift; path = VideoToLivePhotoApp.swift; sourceTree = "<group>"; };
		44267D617ABD76CCA6056D2B = { isa = PBXFileReference; lastKnownFileType = sourcecode.swift; path = LivePhotoIntegrationTests.swift; sourceTree = "<group>"; };
		7D1043473D55BFA90E8530D3 = { isa = PBXFileReference; explicitFileType = wrapper.application; path = VideoToLivePhoto.app; sourceTree = BUILT_PRODUCTS_DIR; };
		4A19557DC1B96C20DFA19772 = { isa = PBXFileReference; explicitFileType = wrapper.cfbundle; path = VideoToLivePhotoTests.xctest; sourceTree = BUILT_PRODUCTS_DIR; };
		7C990B37D17DE01C18E2CBBE = { isa = PBXBuildFile; fileRef = 49DAB5697B6433548A8DCB4B; };
		507AE0DA86294ED34966B5AC = { isa = PBXBuildFile; fileRef = 44267D617ABD76CCA6056D2B; };
		3A2A88DEEFF3D1D23E496597 = { isa = PBXGroup; children = (49DAB5697B6433548A8DCB4B,); path = VideoToLivePhoto; sourceTree = "<group>"; };
		8B7A6DECC0651D269EA794C7 = { isa = PBXGroup; children = (44267D617ABD76CCA6056D2B,); path = VideoToLivePhotoTests; sourceTree = "<group>"; };
		FBDC4F23F93125BBEEAE800C = { isa = PBXGroup; children = (7D1043473D55BFA90E8530D3, 4A19557DC1B96C20DFA19772,); name = Products; sourceTree = "<group>"; };
		DC76E9F0C0006E8F919E0C51 = { isa = PBXGroup; children = (3A2A88DEEFF3D1D23E496597, 8B7A6DECC0651D269EA794C7, FBDC4F23F93125BBEEAE800C,); sourceTree = "<group>"; };
		2D764CD838DB39F040AA7EC4 = { isa = PBXSourcesBuildPhase; buildActionMask = 2147483647; files = (7C990B37D17DE01C18E2CBBE,); runOnlyForDeploymentPostprocessing = 0; };
		12384B5908BE5FE5B3301CEE = { isa = PBXFrameworksBuildPhase; buildActionMask = 2147483647; files = (); runOnlyForDeploymentPostprocessing = 0; };
		06F5DC629BD46AAFD46564D1 = { isa = PBXResourcesBuildPhase; buildActionMask = 2147483647; files = (); runOnlyForDeploymentPostprocessing = 0; };
		9F3002A5D69B22D357A58AA9 = { isa = PBXSourcesBuildPhase; buildActionMask = 2147483647; files = (507AE0DA86294ED34966B5AC,); runOnlyForDeploymentPostprocessing = 0; };
		99C7943D90D870A50ADE9160 = { isa = PBXFrameworksBuildPhase; buildActionMask = 2147483647; files = (); runOnlyForDeploymentPostprocessing = 0; };
		C584AE92222380FB29B6223F = { isa = PBXResourcesBuildPhase; buildActionMask = 2147483647; files = (); runOnlyForDeploymentPostprocessing = 0; };
		D799BAE6088A90139B415FCC = { isa = PBXContainerItemProxy; containerPortal = 98F54143AB4E86B28C3AFEE0; proxyType = 1; remoteGlobalIDString = 4F6027D858B72CC70E5CC8E9; remoteInfo = VideoToLivePhoto; };
		DE58E2B17C19600779694943 = { isa = PBXTargetDependency; target = 4F6027D858B72CC70E5CC8E9; targetProxy = D799BAE6088A90139B415FCC; };
		4F6027D858B72CC70E5CC8E9 = { isa = PBXNativeTarget; buildConfigurationList = F37922C48DA5978D02C9E50E; buildPhases = (2D764CD838DB39F040AA7EC4, 12384B5908BE5FE5B3301CEE, 06F5DC629BD46AAFD46564D1,); buildRules = (); dependencies = (); name = VideoToLivePhoto; productName = VideoToLivePhoto; productReference = 7D1043473D55BFA90E8530D3; productType = "com.apple.product-type.application"; };
		0A06C5E2DA34E686D888A695 = { isa = PBXNativeTarget; buildConfigurationList = BECB265224D91761C05FDA33; buildPhases = (9F3002A5D69B22D357A58AA9, 99C7943D90D870A50ADE9160, C584AE92222380FB29B6223F,); buildRules = (); dependencies = (DE58E2B17C19600779694943,); name = VideoToLivePhotoTests; productName = VideoToLivePhotoTests; productReference = 4A19557DC1B96C20DFA19772; productType = "com.apple.product-type.bundle.unit-test"; };
		89E1FD6268CC0F221A2BE178 = { isa = XCBuildConfiguration; buildSettings = { CLANG_ENABLE_MODULES = YES; IPHONEOS_DEPLOYMENT_TARGET = 16.0; SDKROOT = iphoneos; SWIFT_VERSION = 5.0; GCC_WARN_UNUSED_VARIABLE = YES; CLANG_WARN_DOCUMENTATION_COMMENTS = YES; SWIFT_OPTIMIZATION_LEVEL = "-Onone"; DEBUG_INFORMATION_FORMAT = dwarf; ENABLE_TESTABILITY = YES; }; name = Debug; };
		E6DE6C99132752C914FEF632 = { isa = XCBuildConfiguration; buildSettings = { CLANG_ENABLE_MODULES = YES; IPHONEOS_DEPLOYMENT_TARGET = 16.0; SDKROOT = iphoneos; SWIFT_VERSION = 5.0; GCC_WARN_UNUSED_VARIABLE = YES; CLANG_WARN_DOCUMENTATION_COMMENTS = YES; SWIFT_OPTIMIZATION_LEVEL = "-O"; DEBUG_INFORMATION_FORMAT = "dwarf-with-dsym"; }; name = Release; };
		862894B703A6DEDF96A9DD6C = { isa = XCConfigurationList; buildConfigurations = (89E1FD6268CC0F221A2BE178, E6DE6C99132752C914FEF632,); defaultConfigurationIsVisible = 0; defaultConfigurationName = Release; };
		E9B2E96ABC5F6856F2BE79CF = { isa = XCBuildConfiguration; buildSettings = { CODE_SIGN_STYLE = Automatic; GENERATE_INFOPLIST_FILE = YES;
                INFOPLIST_KEY_CFBundleDisplayName = "实况转换";
                INFOPLIST_KEY_NSPhotoLibraryAddUsageDescription = "将转换后的实况照片添加到你的相册，不读取其他照片。";
                INFOPLIST_KEY_UIApplicationSceneManifest_Generation = YES;
                INFOPLIST_KEY_UILaunchScreen_Generation = YES;
                INFOPLIST_KEY_UISupportedInterfaceOrientations = UIInterfaceOrientationPortrait;
                PRODUCT_BUNDLE_IDENTIFIER = com.personal.VideoToLivePhoto;
                PRODUCT_NAME = "$(TARGET_NAME)"; TARGETED_DEVICE_FAMILY = 1;
                SUPPORTED_PLATFORMS = "iphoneos iphonesimulator";
                SUPPORTS_MACCATALYST = NO; MARKETING_VERSION = 1.0; CURRENT_PROJECT_VERSION = 1; SWIFT_OPTIMIZATION_LEVEL = "-Onone"; DEBUG_INFORMATION_FORMAT = dwarf; ENABLE_TESTABILITY = YES; }; name = Debug; };
		5A8C91857F674E16E2724F47 = { isa = XCBuildConfiguration; buildSettings = { CODE_SIGN_STYLE = Automatic; GENERATE_INFOPLIST_FILE = YES;
                INFOPLIST_KEY_CFBundleDisplayName = "实况转换";
                INFOPLIST_KEY_NSPhotoLibraryAddUsageDescription = "将转换后的实况照片添加到你的相册，不读取其他照片。";
                INFOPLIST_KEY_UIApplicationSceneManifest_Generation = YES;
                INFOPLIST_KEY_UILaunchScreen_Generation = YES;
                INFOPLIST_KEY_UISupportedInterfaceOrientations = UIInterfaceOrientationPortrait;
                PRODUCT_BUNDLE_IDENTIFIER = com.personal.VideoToLivePhoto;
                PRODUCT_NAME = "$(TARGET_NAME)"; TARGETED_DEVICE_FAMILY = 1;
                SUPPORTED_PLATFORMS = "iphoneos iphonesimulator";
                SUPPORTS_MACCATALYST = NO; MARKETING_VERSION = 1.0; CURRENT_PROJECT_VERSION = 1; SWIFT_OPTIMIZATION_LEVEL = "-O"; DEBUG_INFORMATION_FORMAT = "dwarf-with-dsym"; }; name = Release; };
		F37922C48DA5978D02C9E50E = { isa = XCConfigurationList; buildConfigurations = (E9B2E96ABC5F6856F2BE79CF, 5A8C91857F674E16E2724F47,); defaultConfigurationIsVisible = 0; defaultConfigurationName = Release; };
		FCB48D8F88BCDB0ED9FADFD7 = { isa = XCBuildConfiguration; buildSettings = { CODE_SIGN_STYLE = Automatic; GENERATE_INFOPLIST_FILE = YES;
                PRODUCT_BUNDLE_IDENTIFIER = com.personal.VideoToLivePhotoTests;
                PRODUCT_NAME = "$(TARGET_NAME)"; TARGETED_DEVICE_FAMILY = 1;
                TEST_HOST = "$(BUILT_PRODUCTS_DIR)/VideoToLivePhoto.app/VideoToLivePhoto";
                BUNDLE_LOADER = "$(TEST_HOST)"; SWIFT_OPTIMIZATION_LEVEL = "-Onone"; DEBUG_INFORMATION_FORMAT = dwarf; ENABLE_TESTABILITY = YES; }; name = Debug; };
		942EEBBACD6C88CAE7F29B29 = { isa = XCBuildConfiguration; buildSettings = { CODE_SIGN_STYLE = Automatic; GENERATE_INFOPLIST_FILE = YES;
                PRODUCT_BUNDLE_IDENTIFIER = com.personal.VideoToLivePhotoTests;
                PRODUCT_NAME = "$(TARGET_NAME)"; TARGETED_DEVICE_FAMILY = 1;
                TEST_HOST = "$(BUILT_PRODUCTS_DIR)/VideoToLivePhoto.app/VideoToLivePhoto";
                BUNDLE_LOADER = "$(TEST_HOST)"; SWIFT_OPTIMIZATION_LEVEL = "-O"; DEBUG_INFORMATION_FORMAT = "dwarf-with-dsym"; }; name = Release; };
		BECB265224D91761C05FDA33 = { isa = XCConfigurationList; buildConfigurations = (FCB48D8F88BCDB0ED9FADFD7, 942EEBBACD6C88CAE7F29B29,); defaultConfigurationIsVisible = 0; defaultConfigurationName = Release; };
		98F54143AB4E86B28C3AFEE0 = { isa = PBXProject; attributes = { LastUpgradeCheck = 1600; TargetAttributes = {
    4F6027D858B72CC70E5CC8E9 = { CreatedOnToolsVersion = 16.0; };
    0A06C5E2DA34E686D888A695 = { CreatedOnToolsVersion = 16.0; TestTargetID = 4F6027D858B72CC70E5CC8E9; };
}; }; buildConfigurationList = 862894B703A6DEDF96A9DD6C; compatibilityVersion = "Xcode 14.0";
    developmentRegion = zh-Hans; hasScannedForEncodings = 0; knownRegions = ("zh-Hans", en, Base,);
    mainGroup = DC76E9F0C0006E8F919E0C51; productRefGroup = FBDC4F23F93125BBEEAE800C; projectDirPath = "";
    projectRoot = ""; targets = (4F6027D858B72CC70E5CC8E9, 0A06C5E2DA34E686D888A695,); };
	};
	rootObject = 98F54143AB4E86B28C3AFEE0;
}
